Microsoft Visual Studio Solution File, Format Version 11.00
# Visual Studio 2008

Project("{3CACBA2C-6C9A-AC08-5685-4C8033E42831}") = "Game Dev Simulator", "Assembly-CSharp.csproj", "{A3FF2ECF-1831-126E-6021-A73FB3F4076C}"
EndProject
Project("{3CACBA2C-6C9A-AC08-5685-4C8033E42831}") = "Game Dev Simulator", "Assembly-CSharp-Editor.csproj", "{7F42A037-E07E-7893-637D-81D52A0761EE}"
EndProject
Global
	GlobalSection(SolutionConfigurationPlatforms) = preSolution
		Debug|Any CPU = Debug|Any CPU
		Release|Any CPU = Release|Any CPU
	EndGlobalSection
	GlobalSection(ProjectConfigurationPlatforms) = postSolution
		{A3FF2ECF-1831-126E-6021-A73FB3F4076C}.Debug|Any CPU.ActiveCfg = Debug|Any CPU
		{A3FF2ECF-1831-126E-6021-A73FB3F4076C}.Debug|Any CPU.Build.0 = Debug|Any CPU
		{A3FF2ECF-1831-126E-6021-A73FB3F4076C}.Release|Any CPU.ActiveCfg = Release|Any CPU
		{A3FF2ECF-1831-126E-6021-A73FB3F4076C}.Release|Any CPU.Build.0 = Release|Any CPU
		{7F42A037-E07E-7893-637D-81D52A0761EE}.Debug|Any CPU.ActiveCfg = Debug|Any CPU
		{7F42A037-E07E-7893-637D-81D52A0761EE}.Debug|Any CPU.Build.0 = Debug|Any CPU
		{7F42A037-E07E-7893-637D-81D52A0761EE}.Release|Any CPU.ActiveCfg = Release|Any CPU
		{7F42A037-E07E-7893-637D-81D52A0761EE}.Release|Any CPU.Build.0 = Release|Any CPU
	EndGlobalSection
	GlobalSection(SolutionProperties) = preSolution
		HideSolutionNode = FALSE
	EndGlobalSection
	GlobalSection(MonoDevelopProperties) = preSolution
		StartupItem = Assembly-CSharp.csproj
	EndGlobalSection
EndGlobal
